
Microsoft Visual Studio Solution File, Format Version 12.00
# Visual Studio Version 17
VisualStudioVersion = 17.2.32602.215
MinimumVisualStudioVersion = 10.0.40219.1
Project("{FAE04EC0-301F-11D3-BF4B-00C04F79EFBC}") = "linq-tutorial", "linq-tutorial\linq-tutorial.csproj", "{27666164-6A99-4EE7-8091-917F41E913B8}"
EndProject
Project("{9A19103F-16F7-4668-BE54-9A1E7A4F7556}") = "SalesLibrary", "..\SalesLibrarySolution\SalesLibrary\SalesLibrary.csproj", "{F1363052-7189-402E-AC6B-0D01908CE80A}"
EndProject
Global
	GlobalSection(SolutionConfigurationPlatforms) = preSolution
		Debug|Any CPU = Debug|Any CPU
		Release|Any CPU = Release|Any CPU
	EndGlobalSection
	GlobalSection(ProjectConfigurationPlatforms) = postSolution
		{27666164-6A99-4EE7-8091-917F41E913B8}.Debug|Any CPU.ActiveCfg = Debug|Any CPU
		{27666164-6A99-4EE7-8091-917F41E913B8}.Debug|Any CPU.Build.0 = Debug|Any CPU
		{27666164-6A99-4EE7-8091-917F41E913B8}.Release|Any CPU.ActiveCfg = Release|Any CPU
		{27666164-6A99-4EE7-8091-917F41E913B8}.Release|Any CPU.Build.0 = Release|Any CPU
		{F1363052-7189-402E-AC6B-0D01908CE80A}.Debug|Any CPU.ActiveCfg = Debug|Any CPU
		{F1363052-7189-402E-AC6B-0D01908CE80A}.Debug|Any CPU.Build.0 = Debug|Any CPU
		{F1363052-7189-402E-AC6B-0D01908CE80A}.Release|Any CPU.ActiveCfg = Release|Any CPU
		{F1363052-7189-402E-AC6B-0D01908CE80A}.Release|Any CPU.Build.0 = Release|Any CPU
	EndGlobalSection
	GlobalSection(SolutionProperties) = preSolution
		HideSolutionNode = FALSE
	EndGlobalSection
	GlobalSection(ExtensibilityGlobals) = postSolution
		SolutionGuid = {87A67474-AC6C-4168-879A-B0BC1FE57698}
	EndGlobalSection
EndGlobal
